
Microsoft Visual Studio Solution File, Format Version 12.00
# Visual Studio Version 17
VisualStudioVersion = 17.1.32319.34
MinimumVisualStudioVersion = 10.0.40219.1
Project("{FAE04EC0-301F-11D3-BF4B-00C04F79EFBC}") = "FinalProjectApp.Android", "FinalProjectApp.Android\FinalProjectApp.Android.csproj", "{041C6F84-F5E3-4DCB-99AD-494AB1740A85}"
EndProject
Project("{FAE04EC0-301F-11D3-BF4B-00C04F79EFBC}") = "FinalProjectApp.iOS", "FinalProjectApp.iOS\FinalProjectApp.iOS.csproj", "{CCE217BA-5DFD-4961-98A7-CAE1D80C84F2}"
EndProject
Project("{FAE04EC0-301F-11D3-BF4B-00C04F79EFBC}") = "FinalProjectApp", "FinalProjectApp\FinalProjectApp.csproj", "{070E3618-58BE-4216-B0F4-0BBEEC0CAB47}"
EndProject
Global
	GlobalSection(SolutionConfigurationPlatforms) = preSolution
		Debug|Any CPU = Debug|Any CPU
		Debug|iPhone = Debug|iPhone
		Debug|iPhoneSimulator = Debug|iPhoneSimulator
		Release|Any CPU = Release|Any CPU
		Release|iPhone = Release|iPhone
		Release|iPhoneSimulator = Release|iPhoneSimulator
	EndGlobalSection
	GlobalSection(ProjectConfigurationPlatforms) = postSolution
		{041C6F84-F5E3-4DCB-99AD-494AB1740A85}.Debug|Any CPU.ActiveCfg = Debug|Any CPU
		{041C6F84-F5E3-4DCB-99AD-494AB1740A85}.Debug|Any CPU.Build.0 = Debug|Any CPU
		{041C6F84-F5E3-4DCB-99AD-494AB1740A85}.Debug|Any CPU.Deploy.0 = Debug|Any CPU
		{041C6F84-F5E3-4DCB-99AD-494AB1740A85}.Debug|iPhone.ActiveCfg = Debug|Any CPU
		{041C6F84-F5E3-4DCB-99AD-494AB1740A85}.Debug|iPhone.Build.0 = Debug|Any CPU
		{041C6F84-F5E3-4DCB-99AD-494AB1740A85}.Debug|iPhone.Deploy.0 = Debug|Any CPU
		{041C6F84-F5E3-4DCB-99AD-494AB1740A85}.Debug|iPhoneSimulator.ActiveCfg = Debug|Any CPU
		{041C6F84-F5E3-4DCB-99AD-494AB1740A85}.Debug|iPhoneSimulator.Build.0 = Debug|Any CPU
		{041C6F84-F5E3-4DCB-99AD-494AB1740A85}.Debug|iPhoneSimulator.Deploy.0 = Debug|Any CPU
		{041C6F84-F5E3-4DCB-99AD-494AB1740A85}.Release|Any CPU.ActiveCfg = Release|Any CPU
		{041C6F84-F5E3-4DCB-99AD-494AB1740A85}.Release|Any CPU.Build.0 = Release|Any CPU
		{041C6F84-F5E3-4DCB-99AD-494AB1740A85}.Release|Any CPU.Deploy.0 = Release|Any CPU
		{041C6F84-F5E3-4DCB-99AD-494AB1740A85}.Release|iPhone.ActiveCfg = Release|Any CPU
		{041C6F84-F5E3-4DCB-99AD-494AB1740A85}.Release|iPhone.Build.0 = Release|Any CPU
		{041C6F84-F5E3-4DCB-99AD-494AB1740A85}.Release|iPhone.Deploy.0 = Release|Any CPU
		{041C6F84-F5E3-4DCB-99AD-494AB1740A85}.Release|iPhoneSimulator.ActiveCfg = Release|Any CPU
		{041C6F84-F5E3-4DCB-99AD-494AB1740A85}.Release|iPhoneSimulator.Build.0 = Release|Any CPU
		{041C6F84-F5E3-4DCB-99AD-494AB1740A85}.Release|iPhoneSimulator.Deploy.0 = Release|Any CPU
		{CCE217BA-5DFD-4961-98A7-CAE1D80C84F2}.Debug|Any CPU.ActiveCfg = Debug|iPhone
		{CCE217BA-5DFD-4961-98A7-CAE1D80C84F2}.Debug|Any CPU.Build.0 = Debug|iPhone
		{CCE217BA-5DFD-4961-98A7-CAE1D80C84F2}.Debug|Any CPU.Deploy.0 = Debug|iPhone
		{CCE217BA-5DFD-4961-98A7-CAE1D80C84F2}.Debug|iPhone.ActiveCfg = Debug|iPhone
		{CCE217BA-5DFD-4961-98A7-CAE1D80C84F2}.Debug|iPhone.Build.0 = Debug|iPhone
		{CCE217BA-5DFD-4961-98A7-CAE1D80C84F2}.Debug|iPhone.Deploy.0 = Debug|iPhone
		{CCE217BA-5DFD-4961-98A7-CAE1D80C84F2}.Debug|iPhoneSimulator.ActiveCfg = Debug|iPhoneSimulator
		{CCE217BA-5DFD-4961-98A7-CAE1D80C84F2}.Debug|iPhoneSimulator.Build.0 = Debug|iPhoneSimulator
		{CCE217BA-5DFD-4961-98A7-CAE1D80C84F2}.Debug|iPhoneSimulator.Deploy.0 = Debug|iPhoneSimulator
		{CCE217BA-5DFD-4961-98A7-CAE1D80C84F2}.Release|Any CPU.ActiveCfg = Release|iPhoneSimulator
		{CCE217BA-5DFD-4961-98A7-CAE1D80C84F2}.Release|Any CPU.Build.0 = Release|iPhoneSimulator
		{CCE217BA-5DFD-4961-98A7-CAE1D80C84F2}.Release|Any CPU.Deploy.0 = Release|iPhoneSimulator
		{CCE217BA-5DFD-4961-98A7-CAE1D80C84F2}.Release|iPhone.ActiveCfg = Release|iPhone
		{CCE217BA-5DFD-4961-98A7-CAE1D80C84F2}.Release|iPhone.Build.0 = Release|iPhone
		{CCE217BA-5DFD-4961-98A7-CAE1D80C84F2}.Release|iPhone.Deploy.0 = Release|iPhone
		{CCE217BA-5DFD-4961-98A7-CAE1D80C84F2}.Release|iPhoneSimulator.ActiveCfg = Release|iPhoneSimulator
		{CCE217BA-5DFD-4961-98A7-CAE1D80C84F2}.Release|iPhoneSimulator.Build.0 = Release|iPhoneSimulator
		{CCE217BA-5DFD-4961-98A7-CAE1D80C84F2}.Release|iPhoneSimulator.Deploy.0 = Release|iPhoneSimulator
		{070E3618-58BE-4216-B0F4-0BBEEC0CAB47}.Debug|Any CPU.ActiveCfg = Debug|Any CPU
		{070E3618-58BE-4216-B0F4-0BBEEC0CAB47}.Debug|Any CPU.Build.0 = Debug|Any CPU
		{070E3618-58BE-4216-B0F4-0BBEEC0CAB47}.Debug|Any CPU.Deploy.0 = Debug|Any CPU
		{070E3618-58BE-4216-B0F4-0BBEEC0CAB47}.Debug|iPhone.ActiveCfg = Debug|Any CPU
		{070E3618-58BE-4216-B0F4-0BBEEC0CAB47}.Debug|iPhone.Build.0 = Debug|Any CPU
		{070E3618-58BE-4216-B0F4-0BBEEC0CAB47}.Debug|iPhone.Deploy.0 = Debug|Any CPU
		{070E3618-58BE-4216-B0F4-0BBEEC0CAB47}.Debug|iPhoneSimulator.ActiveCfg = Debug|Any CPU
		{070E3618-58BE-4216-B0F4-0BBEEC0CAB47}.Debug|iPhoneSimulator.Build.0 = Debug|Any CPU
		{070E3618-58BE-4216-B0F4-0BBEEC0CAB47}.Debug|iPhoneSimulator.Deploy.0 = Debug|Any CPU
		{070E3618-58BE-4216-B0F4-0BBEEC0CAB47}.Release|Any CPU.ActiveCfg = Release|Any CPU
		{070E3618-58BE-4216-B0F4-0BBEEC0CAB47}.Release|Any CPU.Build.0 = Release|Any CPU
		{070E3618-58BE-4216-B0F4-0BBEEC0CAB47}.Release|Any CPU.Deploy.0 = Release|Any CPU
		{070E3618-58BE-4216-B0F4-0BBEEC0CAB47}.Release|iPhone.ActiveCfg = Release|Any CPU
		{070E3618-58BE-4216-B0F4-0BBEEC0CAB47}.Release|iPhone.Build.0 = Release|Any CPU
		{070E3618-58BE-4216-B0F4-0BBEEC0CAB47}.Release|iPhone.Deploy.0 = Release|Any CPU
		{070E3618-58BE-4216-B0F4-0BBEEC0CAB47}.Release|iPhoneSimulator.ActiveCfg = Release|Any CPU
		{070E3618-58BE-4216-B0F4-0BBEEC0CAB47}.Release|iPhoneSimulator.Build.0 = Release|Any CPU
		{070E3618-58BE-4216-B0F4-0BBEEC0CAB47}.Release|iPhoneSimulator.Deploy.0 = Release|Any CPU
	EndGlobalSection
	GlobalSection(SolutionProperties) = preSolution
		HideSolutionNode = FALSE
	EndGlobalSection
	GlobalSection(ExtensibilityGlobals) = postSolution
		SolutionGuid = {EF55CEEA-0649-4562-B48E-EAF44BADD1A4}
	EndGlobalSection
EndGlobal
